
Microsoft Visual Studio Solution File, Format Version 12.00
# Visual Studio Version 17
VisualStudioVersion = 17.3.32825.248
MinimumVisualStudioVersion = 10.0.40219.1
Project("{FAE04EC0-301F-11D3-BF4B-00C04F79EFBC}") = "WindowsFormsApp1", "WindowsFormsApp1\WindowsFormsApp1.csproj", "{A0EA0705-5DD0-437B-80D1-CDC92A1C0606}"
EndProject
Global
	GlobalSection(SolutionConfigurationPlatforms) = preSolution
		Debug|Any CPU = Debug|Any CPU
		Release|Any CPU = Release|Any CPU
	EndGlobalSection
	GlobalSection(ProjectConfigurationPlatforms) = postSolution
		{A0EA0705-5DD0-437B-80D1-CDC92A1C0606}.Debug|Any CPU.ActiveCfg = Debug|Any CPU
		{A0EA0705-5DD0-437B-80D1-CDC92A1C0606}.Debug|Any CPU.Build.0 = Debug|Any CPU
		{A0EA0705-5DD0-437B-80D1-CDC92A1C0606}.Release|Any CPU.ActiveCfg = Release|Any CPU
		{A0EA0705-5DD0-437B-80D1-CDC92A1C0606}.Release|Any CPU.Build.0 = Release|Any CPU
	EndGlobalSection
	GlobalSection(SolutionProperties) = preSolution
		HideSolutionNode = FALSE
	EndGlobalSection
	GlobalSection(ExtensibilityGlobals) = postSolution
		SolutionGuid = {0D5428B4-A7BB-4AF2-95CE-E0D170CC0B9C}
	EndGlobalSection
EndGlobal
